
Microsoft Visual Studio Solution File, Format Version 12.00
# Visual Studio Version 16
VisualStudioVersion = 16.0.33529.622
MinimumVisualStudioVersion = 10.0.40219.1
Project("{00D1A9C2-B5F0-4AF3-8072-F6C62B433612}") = "Database1", "Database1\Database1.sqlproj", "{158DA1E5-FAF8-46FE-9706-959EB72850B0}"
EndProject
Global
	GlobalSection(SolutionConfigurationPlatforms) = preSolution
		Debug|Any CPU = Debug|Any CPU
		Release|Any CPU = Release|Any CPU
	EndGlobalSection
	GlobalSection(ProjectConfigurationPlatforms) = postSolution
		{158DA1E5-FAF8-46FE-9706-959EB72850B0}.Debug|Any CPU.ActiveCfg = Debug|Any CPU
		{158DA1E5-FAF8-46FE-9706-959EB72850B0}.Debug|Any CPU.Build.0 = Debug|Any CPU
		{158DA1E5-FAF8-46FE-9706-959EB72850B0}.Debug|Any CPU.Deploy.0 = Debug|Any CPU
		{158DA1E5-FAF8-46FE-9706-959EB72850B0}.Release|Any CPU.ActiveCfg = Release|Any CPU
		{158DA1E5-FAF8-46FE-9706-959EB72850B0}.Release|Any CPU.Build.0 = Release|Any CPU
		{158DA1E5-FAF8-46FE-9706-959EB72850B0}.Release|Any CPU.Deploy.0 = Release|Any CPU
	EndGlobalSection
	GlobalSection(SolutionProperties) = preSolution
		HideSolutionNode = FALSE
	EndGlobalSection
	GlobalSection(ExtensibilityGlobals) = postSolution
		SolutionGuid = {FABB2910-5E39-458B-AFA1-DE45B8AF2708}
	EndGlobalSection
EndGlobal
